
Microsoft Visual Studio Solution File, Format Version 12.00
# Visual Studio Version 17
VisualStudioVersion = 17.5.002.0
MinimumVisualStudioVersion = 10.0.40219.1
Project("{9A19103F-16F7-4668-BE54-9A1E7A4F7556}") = "DesafioPOO", "DesafioPOO.csproj", "{F08D0FD8-594B-4F98-8235-AE462866D5EE}"
EndProject
Global
	GlobalSection(SolutionConfigurationPlatforms) = preSolution
		Debug|Any CPU = Debug|Any CPU
		Release|Any CPU = Release|Any CPU
	EndGlobalSection
	GlobalSection(ProjectConfigurationPlatforms) = postSolution
		{F08D0FD8-594B-4F98-8235-AE462866D5EE}.Debug|Any CPU.ActiveCfg = Debug|Any CPU
		{F08D0FD8-594B-4F98-8235-AE462866D5EE}.Debug|Any CPU.Build.0 = Debug|Any CPU
		{F08D0FD8-594B-4F98-8235-AE462866D5EE}.Release|Any CPU.ActiveCfg = Release|Any CPU
		{F08D0FD8-594B-4F98-8235-AE462866D5EE}.Release|Any CPU.Build.0 = Release|Any CPU
	EndGlobalSection
	GlobalSection(SolutionProperties) = preSolution
		HideSolutionNode = FALSE
	EndGlobalSection
	GlobalSection(ExtensibilityGlobals) = postSolution
		SolutionGuid = {A3A096D7-C566-4890-9F91-2A486D1E4A7C}
	EndGlobalSection
EndGlobal
